Microsoft Visual Studio Solution File, Format Version 12.00
# Visual Studio Version 17
VisualStudioVersion = 17.5.2.0
MinimumVisualStudioVersion = 10.0.40219.1
Project("{FAE04EC0-301F-11D3-BF4B-00C04F79EFBC}") = "R2InventoryArtifact", "R2InventoryArtifact.csproj", "{D0D71FDC-893D-3D61-F255-FF17C208CB5C}"
EndProject
Global
	GlobalSection(SolutionConfigurationPlatforms) = preSolution
		Debug|Any CPU = Debug|Any CPU
		Release|Any CPU = Release|Any CPU
	EndGlobalSection
	GlobalSection(ProjectConfigurationPlatforms) = postSolution
		{D0D71FDC-893D-3D61-F255-FF17C208CB5C}.Debug|Any CPU.ActiveCfg = Debug|Any CPU
		{D0D71FDC-893D-3D61-F255-FF17C208CB5C}.Debug|Any CPU.Build.0 = Debug|Any CPU
		{D0D71FDC-893D-3D61-F255-FF17C208CB5C}.Release|Any CPU.ActiveCfg = Release|Any CPU
		{D0D71FDC-893D-3D61-F255-FF17C208CB5C}.Release|Any CPU.Build.0 = Release|Any CPU
	EndGlobalSection
	GlobalSection(SolutionProperties) = preSolution
		HideSolutionNode = FALSE
	EndGlobalSection
	GlobalSection(ExtensibilityGlobals) = postSolution
		SolutionGuid = {8790F0B3-9FF5-40FD-85E2-713EAB1B0D52}
	EndGlobalSection
EndGlobal
